
Microsoft Visual Studio Solution File, Format Version 12.00
# Visual Studio Version 17
VisualStudioVersion = 17.5.002.0
MinimumVisualStudioVersion = 10.0.40219.1
Project("{9A19103F-16F7-4668-BE54-9A1E7A4F7556}") = "AppCurso", "AppCurso.csproj", "{9ACBE16E-37E3-4305-9264-963AA35B77E0}"
EndProject
Global
	GlobalSection(SolutionConfigurationPlatforms) = preSolution
		Debug|Any CPU = Debug|Any CPU
		Release|Any CPU = Release|Any CPU
	EndGlobalSection
	GlobalSection(ProjectConfigurationPlatforms) = postSolution
		{9ACBE16E-37E3-4305-9264-963AA35B77E0}.Debug|Any CPU.ActiveCfg = Debug|Any CPU
		{9ACBE16E-37E3-4305-9264-963AA35B77E0}.Debug|Any CPU.Build.0 = Debug|Any CPU
		{9ACBE16E-37E3-4305-9264-963AA35B77E0}.Release|Any CPU.ActiveCfg = Release|Any CPU
		{9ACBE16E-37E3-4305-9264-963AA35B77E0}.Release|Any CPU.Build.0 = Release|Any CPU
	EndGlobalSection
	GlobalSection(SolutionProperties) = preSolution
		HideSolutionNode = FALSE
	EndGlobalSection
	GlobalSection(ExtensibilityGlobals) = postSolution
		SolutionGuid = {B649B115-840B-4631-BC8E-D9A182812D46}
	EndGlobalSection
EndGlobal
